// !$*UTF8*$!
{
	archiveVersion = 1;
	classes = {
	};
	objectVersion = 52;
	objects = {

/* Begin PBXBuildFile section */
		6D26384224B2126800E463BF /* main.swift in Sources */ = {isa = PBXBuildFile; fileRef = 6D26384124B2126800E463BF /* main.swift */; };
		6D26384924B214ED00E463BF /* getCertificate.swift in Sources */ = {isa = PBXBuildFile; fileRef = 6D26384824B214ED00E463BF /* getCertificate.swift */; };
		6D26384B24B37C2700E463BF /* ccmovelsign.swift in Sources */ = {isa = PBXBuildFile; fileRef = 6D26384A24B37C2600E463BF /* ccmovelsign.swift */; };
		6D26384D24B37C3D00E463BF /* validateotp.swift in Sources */ = {isa = PBXBuildFile; fileRef = 6D26384C24B37C3D00E463BF /* validateotp.swift */; };
		6D26384F24B37D8200E463BF /* cmd_config.swift in Sources */ = {isa = PBXBuildFile; fileRef = 6D26384E24B37D8200E463BF /* cmd_config.swift */; };
		6D26385224B39AFD00E463BF /* ArgumentParser in Frameworks */ = {isa = PBXBuildFile; productRef = 6D26385124B39AFD00E463BF /* ArgumentParser */; };
/* End PBXBuildFile section */

/* Begin PBXCopyFilesBuildPhase section */
		6D26383C24B2126800E463BF /* CopyFiles */ = {
			isa = PBXCopyFilesBuildPhase;
			buildActionMask = 2147483647;
			dstPath = /usr/share/man/man1/;
			dstSubfolderSpec = 0;
			files = (
			);
			runOnlyForDeploymentPostprocessing = 1;
		};
/* End PBXCopyFilesBuildPhase section */

/* Begin PBXFileReference section */
		6D26383E24B2126800E463BF /* soap */ = {isa = PBXFileReference; explicitFileType = "compiled.mach-o.executable"; includeInIndex = 0; path = soap; sourceTree = BUILT_PRODUCTS_DIR; };
		6D26384124B2126800E463BF /* main.swift */ = {isa = PBXFileReference; lastKnownFileType = sourcecode.swift; path = main.swift; sourceTree = "<group>"; };
		6D26384824B214ED00E463BF /* getCertificate.swift */ = {isa = PBXFileReference; lastKnownFileType = sourcecode.swift; path = getCertificate.swift; sourceTree = "<group>"; };
		6D26384A24B37C2600E463BF /* ccmovelsign.swift */ = {isa = PBXFileReference; lastKnownFileType = sourcecode.swift; path = ccmovelsign.swift; sourceTree = "<group>"; };
		6D26384C24B37C3D00E463BF /* validateotp.swift */ = {isa = PBXFileReference; lastKnownFileType = sourcecode.swift; path = validateotp.swift; sourceTree = "<group>"; };
		6D26384E24B37D8200E463BF /* cmd_config.swift */ = {isa = PBXFileReference; lastKnownFileType = sourcecode.swift; path = cmd_config.swift; sourceTree = "<group>"; };
/* End PBXFileReference section */

/* Begin PBXFrameworksBuildPhase section */
		6D26383B24B2126800E463BF /* Frameworks */ = {
			isa = PBXFrameworksBuildPhase;
			buildActionMask = 2147483647;
			files = (
				6D26385224B39AFD00E463BF /* ArgumentParser in Frameworks */,
			);
			runOnlyForDeploymentPostprocessing = 0;
		};
/* End PBXFrameworksBuildPhase section */

/* Begin PBXGroup section */
		6D26383524B2126800E463BF = {
			isa = PBXGroup;
			children = (
				6D26384024B2126800E463BF /* soap */,
				6D26383F24B2126800E463BF /* Products */,
			);
			sourceTree = "<group>";
		};
		6D26383F24B2126800E463BF /* Products */ = {
			isa = PBXGroup;
			children = (
				6D26383E24B2126800E463BF /* soap */,
			);
			name = Products;
			sourceTree = "<group>";
		};
		6D26384024B2126800E463BF /* soap */ = {
			isa = PBXGroup;
			children = (
				6D26384124B2126800E463BF /* main.swift */,
				6D26384824B214ED00E463BF /* getCertificate.swift */,
				6D26384A24B37C2600E463BF /* ccmovelsign.swift */,
				6D26384C24B37C3D00E463BF /* validateotp.swift */,
				6D26384E24B37D8200E463BF /* cmd_config.swift */,
			);
			path = soap;
			sourceTree = "<group>";
		};
/* End PBXGroup section */

/* Begin PBXNativeTarget section */
		6D26383D24B2126800E463BF /* soap */ = {
			isa = PBXNativeTarget;
			buildConfigurationList = 6D26384524B2126800E463BF /* Build configuration list for PBXNativeTarget "soap" */;
			buildPhases = (
				6D26383A24B2126800E463BF /* Sources */,
				6D26383B24B2126800E463BF /* Frameworks */,
				6D26383C24B2126800E463BF /* CopyFiles */,
			);
			buildRules = (
			);
			dependencies = (
			);
			name = soap;
			packageProductDependencies = (
				6D26385124B39AFD00E463BF /* ArgumentParser */,
			);
			productName = soap;
			productReference = 6D26383E24B2126800E463BF /* soap */;
			productType = "com.apple.product-type.tool";
		};
/* End PBXNativeTarget section */

/* Begin PBXProject section */
		6D26383624B2126800E463BF /* Project object */ = {
			isa = PBXProject;
			attributes = {
				LastSwiftUpdateCheck = 1150;
				LastUpgradeCheck = 1150;
				ORGANIZATIONNAME = "João Macedo";
				TargetAttributes = {
					6D26383D24B2126800E463BF = {
						CreatedOnToolsVersion = 11.5;
					};
				};
			};
			buildConfigurationList = 6D26383924B2126800E463BF /* Build configuration list for PBXProject "soap" */;
			compatibilityVersion = "Xcode 9.3";
			developmentRegion = en;
			hasScannedForEncodings = 0;
			knownRegions = (
				en,
				Base,
			);
			mainGroup = 6D26383524B2126800E463BF;
			packageReferences = (
				6D26385024B39AFD00E463BF /* XCRemoteSwiftPackageReference "swift-argument-parser" */,
			);
			productRefGroup = 6D26383F24B2126800E463BF /* Products */;
			projectDirPath = "";
			projectRoot = "";
			targets = (
				6D26383D24B2126800E463BF /* soap */,
			);
		};
/* End PBXProject section */

/* Begin PBXSourcesBuildPhase section */
		6D26383A24B2126800E463BF /* Sources */ = {
			isa = PBXSourcesBuildPhase;
			buildActionMask = 2147483647;
			files = (
				6D26384924B214ED00E463BF /* getCertificate.swift in Sources */,
				6D26384F24B37D8200E463BF /* cmd_config.swift in Sources */,
				6D26384D24B37C3D00E463BF /* validateotp.swift in Sources */,
				6D26384B24B37C2700E463BF /* ccmovelsign.swift in Sources */,
				6D26384224B2126800E463BF /* main.swift in Sources */,
			);
			runOnlyForDeploymentPostprocessing = 0;
		};
/* End PBXSourcesBuildPhase section */

/* Begin XCBuildConfiguration section */
		6D26384324B2126800E463BF /* Debug */ = {
			isa = XCBuildConfiguration;
			buildSettings = {
				ALWAYS_SEARCH_USER_PATHS = NO;
				CLANG_ANALYZER_NONNULL = YES;
				CLANG_ANALYZER_NUMBER_OBJECT_CONVERSION = YES_AGGRESSIVE;
				CLANG_CXX_LANGUAGE_STANDARD = "gnu++14";
				CLANG_CXX_LIBRARY = "libc++";
				CLANG_ENABLE_MODULES = YES;
				CLANG_ENABLE_OBJC_ARC = YES;
				CLANG_ENABLE_OBJC_WEAK = YES;
				CLANG_WARN_BLOCK_CAPTURE_AUTORELEASING = YES;
				CLANG_WARN_BOOL_CONVERSION = YES;
				CLANG_WARN_COMMA = YES;
				CLANG_WARN_CONSTANT_CONVERSION = YES;
				CLANG_WARN_DEPRECATED_OBJC_IMPLEMENTATIONS = YES;
				CLANG_WARN_DIRECT_OBJC_ISA_USAGE = YES_ERROR;
				CLANG_WARN_DOCUMENTATION_COMMENTS = YES;
				CLANG_WARN_EMPTY_BODY = YES;
				CLANG_WARN_ENUM_CONVERSION = YES;
				CLANG_WARN_INFINITE_RECURSION = YES;
				CLANG_WARN_INT_CONVERSION = YES;
				CLANG_WARN_NON_LITERAL_NULL_CONVERSION = YES;
				CLANG_WARN_OBJC_IMPLICIT_RETAIN_SELF = YES;
				CLANG_WARN_OBJC_LITERAL_CONVERSION = YES;
				CLANG_WARN_OBJC_ROOT_CLASS = YES_ERROR;
				CLANG_WARN_RANGE_LOOP_ANALYSIS = YES;
				CLANG_WARN_STRICT_PROTOTYPES = YES;
				CLANG_WARN_SUSPICIOUS_MOVE = YES;
				CLANG_WARN_UNGUARDED_AVAILABILITY = YES_AGGRESSIVE;
				CLANG_WARN_UNREACHABLE_CODE = YES;
				CLANG_WARN__DUPLICATE_METHOD_MATCH = YES;
				COPY_PHASE_STRIP = NO;
				DEBUG_INFORMATION_FORMAT = dwarf;
				ENABLE_STRICT_OBJC_MSGSEND = YES;
				ENABLE_TESTABILITY = YES;
				GCC_C_LANGUAGE_STANDARD = gnu11;
				GCC_DYNAMIC_NO_PIC = NO;
				GCC_NO_COMMON_BLOCKS = YES;
				GCC_OPTIMIZATION_LEVEL = 0;
				GCC_PREPROCESSOR_DEFINITIONS = (
					"DEBUG=1",
					"$(inherited)",
				);
				GCC_WARN_64_TO_32_BIT_CONVERSION = YES;
				GCC_WARN_ABOUT_RETURN_TYPE = YES_ERROR;
				GCC_WARN_UNDECLARED_SELECTOR = YES;
				GCC_WARN_UNINITIALIZED_AUTOS = YES_AGGRESSIVE;
				GCC_WARN_UNUSED_FUNCTION = YES;
				GCC_WARN_UNUSED_VARIABLE = YES;
				MACOSX_DEPLOYMENT_TARGET = 10.15;
				MTL_ENABLE_DEBUG_INFO = INCLUDE_SOURCE;
				MTL_FAST_MATH = YES;
				ONLY_ACTIVE_ARCH = YES;
				SDKROOT = macosx;
				SWIFT_ACTIVE_COMPILATION_CONDITIONS = DEBUG;
				SWIFT_OPTIMIZATION_LEVEL = "-Onone";
			};
			name = Debug;
		};
		6D26384424B2126800E463BF /* Release */ = {
			isa = XCBuildConfiguration;
			buildSettings = {
				ALWAYS_SEARCH_USER_PATHS = NO;
				CLANG_ANALYZER_NONNULL = YES;
				CLANG_ANALYZER_NUMBER_OBJECT_CONVERSION = YES_AGGRESSIVE;
				CLANG_CXX_LANGUAGE_STANDARD = "gnu++14";
				CLANG_CXX_LIBRARY = "libc++";
				CLANG_ENABLE_MODULES = YES;
				CLANG_ENABLE_OBJC_ARC = YES;
				CLANG_ENABLE_OBJC_WEAK = YES;
				CLANG_WARN_BLOCK_CAPTURE_AUTORELEASING = YES;
				CLANG_WARN_BOOL_CONVERSION = YES;
				CLANG_WARN_COMMA = YES;
				CLANG_WARN_CONSTANT_CONVERSION = YES;
				CLANG_WARN_DEPRECATED_OBJC_IMPLEMENTATIONS = YES;
				CLANG_WARN_DIRECT_OBJC_ISA_USAGE = YES_ERROR;
				CLANG_WARN_DOCUMENTATION_COMMENTS = YES;
				CLANG_WARN_EMPTY_BODY = YES;
				CLANG_WARN_ENUM_CONVERSION = YES;
				CLANG_WARN_INFINITE_RECURSION = YES;
				CLANG_WARN_INT_CONVERSION = YES;
				CLANG_WARN_NON_LITERAL_NULL_CONVERSION = YES;
				CLANG_WARN_OBJC_IMPLICIT_RETAIN_SELF = YES;
				CLANG_WARN_OBJC_LITERAL_CONVERSION = YES;
				CLANG_WARN_OBJC_ROOT_CLASS = YES_ERROR;
				CLANG_WARN_RANGE_LOOP_ANALYSIS = YES;
				CLANG_WARN_STRICT_PROTOTYPES = YES;
				CLANG_WARN_SUSPICIOUS_MOVE = YES;
				CLANG_WARN_UNGUARDED_AVAILABILITY = YES_AGGRESSIVE;
				CLANG_WARN_UNREACHABLE_CODE = YES;
				CLANG_WARN__DUPLICATE_METHOD_MATCH = YES;
				COPY_PHASE_STRIP = NO;
				DEBUG_INFORMATION_FORMAT = "dwarf-with-dsym";
				ENABLE_NS_ASSERTIONS = NO;
				ENABLE_STRICT_OBJC_MSGSEND = YES;
				GCC_C_LANGUAGE_STANDARD = gnu11;
				GCC_NO_COMMON_BLOCKS = YES;
				GCC_WARN_64_TO_32_BIT_CONVERSION = YES;
				GCC_WARN_ABOUT_RETURN_TYPE = YES_ERROR;
				GCC_WARN_UNDECLARED_SELECTOR = YES;
				GCC_WARN_UNINITIALIZED_AUTOS = YES_AGGRESSIVE;
				GCC_WARN_UNUSED_FUNCTION = YES;
				GCC_WARN_UNUSED_VARIABLE = YES;
				MACOSX_DEPLOYMENT_TARGET = 10.15;
				MTL_ENABLE_DEBUG_INFO = NO;
				MTL_FAST_MATH = YES;
				SDKROOT = macosx;
				SWIFT_COMPILATION_MODE = wholemodule;
				SWIFT_OPTIMIZATION_LEVEL = "-O";
			};
			name = Release;
		};
		6D26384624B2126800E463BF /* Debug */ = {
			isa = XCBuildConfiguration;
			buildSettings = {
				CODE_SIGN_STYLE = Automatic;
				PRODUCT_NAME = "$(TARGET_NAME)";
				SWIFT_VERSION = 5.0;
			};
			name = Debug;
		};
		6D26384724B2126800E463BF /* Release */ = {
			isa = XCBuildConfiguration;
			buildSettings = {
				CODE_SIGN_STYLE = Automatic;
				PRODUCT_NAME = "$(TARGET_NAME)";
				SWIFT_VERSION = 5.0;
			};
			name = Release;
		};
/* End XCBuildConfiguration section */

/* Begin XCConfigurationList section */
		6D26383924B2126800E463BF /* Build configuration list for PBXProject "soap" */ = {
			isa = XCConfigurationList;
			buildConfigurations = (
				6D26384324B2126800E463BF /* Debug */,
				6D26384424B2126800E463BF /* Release */,
			);
			defaultConfigurationIsVisible = 0;
			defaultConfigurationName = Release;
		};
		6D26384524B2126800E463BF /* Build configuration list for PBXNativeTarget "soap" */ = {
			isa = XCConfigurationList;
			buildConfigurations = (
				6D26384624B2126800E463BF /* Debug */,
				6D26384724B2126800E463BF /* Release */,
			);
			defaultConfigurationIsVisible = 0;
			defaultConfigurationName = Release;
		};
/* End XCConfigurationList section */

/* Begin XCRemoteSwiftPackageReference section */
		6D26385024B39AFD00E463BF /* XCRemoteSwiftPackageReference "swift-argument-parser" */ = {
			isa = XCRemoteSwiftPackageReference;
			repositoryURL = "https://github.com/apple/swift-argument-parser";
			requirement = {
				kind = upToNextMajorVersion;
				minimumVersion = 0.2.0;
			};
		};
/* End XCRemoteSwiftPackageReference section */

/* Begin XCSwiftPackageProductDependency section */
		6D26385124B39AFD00E463BF /* ArgumentParser */ = {
			isa = XCSwiftPackageProductDependency;
			package = 6D26385024B39AFD00E463BF /* XCRemoteSwiftPackageReference "swift-argument-parser" */;
			productName = ArgumentParser;
		};
/* End XCSwiftPackageProductDependency section */
	};
	rootObject = 6D26383624B2126800E463BF /* Project object */;
}
